
Microsoft Visual Studio Solution File, Format Version 12.00
# Visual Studio Version 17
VisualStudioVersion = 17.14.36121.58
MinimumVisualStudioVersion = 10.0.40219.1
Project("{FAE04EC0-301F-11D3-BF4B-00C04F79EFBC}") = "HW6-1", "HW6-1.csproj", "{31904DDB-3049-47FD-AF43-8FC10AEFC5BC}"
EndProject
Project("{FAE04EC0-301F-11D3-BF4B-00C04F79EFBC}") = "HW6-2", "HW6-2\HW6-2.csproj", "{F0872C9C-2298-45D3-8B6F-1CA067AE3213}"
EndProject
Global
	GlobalSection(SolutionConfigurationPlatforms) = preSolution
		Debug|Any CPU = Debug|Any CPU
		Release|Any CPU = Release|Any CPU
	EndGlobalSection
	GlobalSection(ProjectConfigurationPlatforms) = postSolution
		{31904DDB-3049-47FD-AF43-8FC10AEFC5BC}.Debug|Any CPU.ActiveCfg = Debug|Any CPU
		{31904DDB-3049-47FD-AF43-8FC10AEFC5BC}.Debug|Any CPU.Build.0 = Debug|Any CPU
		{31904DDB-3049-47FD-AF43-8FC10AEFC5BC}.Release|Any CPU.ActiveCfg = Release|Any CPU
		{31904DDB-3049-47FD-AF43-8FC10AEFC5BC}.Release|Any CPU.Build.0 = Release|Any CPU
		{F0872C9C-2298-45D3-8B6F-1CA067AE3213}.Debug|Any CPU.ActiveCfg = Debug|Any CPU
		{F0872C9C-2298-45D3-8B6F-1CA067AE3213}.Debug|Any CPU.Build.0 = Debug|Any CPU
		{F0872C9C-2298-45D3-8B6F-1CA067AE3213}.Release|Any CPU.ActiveCfg = Release|Any CPU
		{F0872C9C-2298-45D3-8B6F-1CA067AE3213}.Release|Any CPU.Build.0 = Release|Any CPU
	EndGlobalSection
	GlobalSection(SolutionProperties) = preSolution
		HideSolutionNode = FALSE
	EndGlobalSection
	GlobalSection(ExtensibilityGlobals) = postSolution
		SolutionGuid = {36E8A7A1-F1DD-4A57-B4D0-F2FC201BD3A1}
	EndGlobalSection
EndGlobal
